version = 1
revision = 2
requires-python = ">=3.10"

[[package]]
name = "anyio"
version = "4.9.0"
source = { registry = "https://pypi.org/simple" }
dependencies = [
    { name = "exceptiongroup", marker = "python_full_version < '3.11'" },
    { name = "idna" },
    { name = "sniffio" },
    { name = "typing-extensions", marker = "python_full_version < '3.13'" },
]
sdist = { url = "https://files.pythonhosted.org/packages/95/7d/4c1bd541d4dffa1b52bd83fb8527089e097a106fc90b467a7313b105f840/anyio-4.9.0.tar.gz", hash = "sha256:673c0c244e15788651a4ff38710fea9675823028a6f08a5eda409e0c9840a028", size = 190949, upload_time = "2025-03-17T00:02:54.77Z" }
wheels = [
    { url = "https://files.pythonhosted.org/packages/a1/ee/48ca1a7c89ffec8b6a0c5d02b89c305671d5ffd8d3c94acf8b8c408575bb/anyio-4.9.0-py3-none-any.whl", hash = "sha256:9f76d541cad6e36af7beb62e978876f3b41e3e04f2c1fbf0884604c0a9c4d93c", size = 100916, upload_time = "2025-03-17T00:02:52.713Z" },
]

[[package]]
name = "claude-code"
version = "0.0.1"
source = { registry = "https://pypi.org/simple" }
sdist = { url = "https://files.pythonhosted.org/packages/10/15/b6a11fd4675b0d8e10d4130e4293ec26e039444ac1295df22844b994322a/claude_code-0.0.1.tar.gz", hash = "sha256:655af6860495cfb0b7e51ef4fd7d98f367a68c0471ba04e7815816c2889704e5", size = 818, upload_time = "2025-06-10T21:05:17.768Z" }
wheels = [
    { url = "https://files.pythonhosted.org/packages/f7/53/e6c2e97cbe66e8a75431dcf05b196b07cf92360f27a6de907d9b4d3b7d6b/claude_code-0.0.1-py3-none-any.whl", hash = "sha256:e576e5c95ce231b99ec550db46c1c44280c69ebe352b25d17c5fb355751d9391", size = 1202, upload_time = "2025-06-10T21:05:13.575Z" },
]

[[package]]
name = "claude-code-sdk"
version = "0.0.14"
source = { registry = "https://pypi.org/simple" }
dependencies = [
    { name = "anyio" },
    { name = "typing-extensions", marker = "python_full_version < '3.11'" },
]
sdist = { url = "https://files.pythonhosted.org/packages/1b/50/489bd1cf9f448d9e06aa6af4a14db8e22ec5f7dbdb5fcc48821b1d8d1680/claude_code_sdk-0.0.14.tar.gz", hash = "sha256:a1c9384b6934c2b8351d7a35c0b7dcfd5fb657017fb456eb98bcf5e0b4f8eccd", size = 13403, upload_time = "2025-07-01T06:07:28.147Z" }
wheels = [
    { url = "https://files.pythonhosted.org/packages/db/a4/6eb606ccb0988054ca52b9453045b2c2f1bc6fd9c915e0f6cd1f73d6ce2c/claude_code_sdk-0.0.14-py3-none-any.whl", hash = "sha256:83a23a260954bb84e78cf2dc42aaaa0eee778ca392e56f1661276f31ba64992c", size = 10589, upload_time = "2025-07-01T06:07:27.029Z" },
]

[[package]]
name = "exceptiongroup"
version = "1.3.0"
source = { registry = "https://pypi.org/simple" }
dependencies = [
    { name = "typing-extensions", marker = "python_full_version < '3.13'" },
]
sdist = { url = "https://files.pythonhosted.org/packages/0b/9f/a65090624ecf468cdca03533906e7c69ed7588582240cfe7cc9e770b50eb/exceptiongroup-1.3.0.tar.gz", hash = "sha256:b241f5885f560bc56a59ee63ca4c6a8bfa46ae4ad651af316d4e81817bb9fd88", size = 29749, upload_time = "2025-05-10T17:42:51.123Z" }
wheels = [
    { url = "https://files.pythonhosted.org/packages/36/f4/c6e662dade71f56cd2f3735141b265c3c79293c109549c1e6933b0651ffc/exceptiongroup-1.3.0-py3-none-any.whl", hash = "sha256:4d111e6e0c13d0644cad6ddaa7ed0261a0b36971f6d23e7ec9b4b9097da78a10", size = 16674, upload_time = "2025-05-10T17:42:49.33Z" },
]

[[package]]
name = "idna"
version = "3.10"
source = { registry = "https://pypi.org/simple" }
sdist = { url = "https://files.pythonhosted.org/packages/f1/70/7703c29685631f5a7590aa73f1f1d3fa9a380e654b86af429e0934a32f7d/idna-3.10.tar.gz", hash = "sha256:12f65c9b470abda6dc35cf8e63cc574b1c52b11df2c86030af0ac09b01b13ea9", size = 190490, upload_time = "2024-09-15T18:07:39.745Z" }
wheels = [
    { url = "https://files.pythonhosted.org/packages/76/c6/c88e154df9c4e1a2a66ccf0005a88dfb2650c1dffb6f5ce603dfbd452ce3/idna-3.10-py3-none-any.whl", hash = "sha256:946d195a0d259cbba61165e88e65941f16e9b36ea6ddb97f00452bae8b1287d3", size = 70442, upload_time = "2024-09-15T18:07:37.964Z" },
]

[[package]]
name = "sniffio"
version = "1.3.1"
source = { registry = "https://pypi.org/simple" }
sdist = { url = "https://files.pythonhosted.org/packages/a2/87/a6771e1546d97e7e041b6ae58d80074f81b7d5121207425c964ddf5cfdbd/sniffio-1.3.1.tar.gz", hash = "sha256:f4324edc670a0f49750a81b895f35c3adb843cca46f0530f79fc1babb23789dc", size = 20372, upload_time = "2024-02-25T23:20:04.057Z" }
wheels = [
    { url = "https://files.pythonhosted.org/packages/e9/44/75a9c9421471a6c4805dbf2356f7c181a29c1879239abab1ea2cc8f38b40/sniffio-1.3.1-py3-none-any.whl", hash = "sha256:2f6da418d1f1e0fddd844478f41680e794e6051915791a034ff65e5f100525a2", size = 10235, upload_time = "2024-02-25T23:20:01.196Z" },
]

[[package]]
name = "test-harness"
version = "0.1.0"
source = { virtual = "." }
dependencies = [
    { name = "claude-code" },
    { name = "claude-code-sdk" },
]

[package.metadata]
requires-dist = [
    { name = "claude-code", specifier = ">=0.0.1" },
    { name = "claude-code-sdk", specifier = ">=0.0.14" },
]

[[package]]
name = "typing-extensions"
version = "4.14.0"
source = { registry = "https://pypi.org/simple" }
sdist = { url = "https://files.pythonhosted.org/packages/d1/bc/51647cd02527e87d05cb083ccc402f93e441606ff1f01739a62c8ad09ba5/typing_extensions-4.14.0.tar.gz", hash = "sha256:8676b788e32f02ab42d9e7c61324048ae4c6d844a399eebace3d4979d75ceef4", size = 107423, upload_time = "2025-06-02T14:52:11.399Z" }
wheels = [
    { url = "https://files.pythonhosted.org/packages/69/e0/552843e0d356fbb5256d21449fa957fa4eff3bbc135a74a691ee70c7c5da/typing_extensions-4.14.0-py3-none-any.whl", hash = "sha256:a1514509136dd0b477638fc68d6a91497af5076466ad0fa6c338e44e359944af", size = 43839, upload_time = "2025-06-02T14:52:10.026Z" },
]
